
Microsoft Visual Studio Solution File, Format Version 12.00
# Visual Studio 15
VisualStudioVersion = 15.0.27428.2002
MinimumVisualStudioVersion = 10.0.40219.1
Project("{FAE04EC0-301F-11D3-BF4B-00C04F79EFBC}") = "ShopSearch.Android", "ShopSearch\ShopSearch.Android\ShopSearch.Android.csproj", "{E8F5E785-2572-41E9-B0BA-35B4A5BF71BF}"
EndProject
Project("{FAE04EC0-301F-11D3-BF4B-00C04F79EFBC}") = "ShopSearch.iOS", "ShopSearch\ShopSearch.iOS\ShopSearch.iOS.csproj", "{D1AFFF7B-74FD-441C-9840-188CF0D4D1F0}"
EndProject
Project("{FAE04EC0-301F-11D3-BF4B-00C04F79EFBC}") = "ShopSearch.UWP", "ShopSearch\ShopSearch.UWP\ShopSearch.UWP.csproj", "{44EBF739-9A26-4363-B551-5F8BE8C1A196}"
EndProject
Project("{FAE04EC0-301F-11D3-BF4B-00C04F79EFBC}") = "ShopSearch", "ShopSearch\ShopSearch\ShopSearch.csproj", "{32CFD654-58F2-4573-A9D2-A6D38525C63E}"
EndProject
Global
	GlobalSection(SolutionConfigurationPlatforms) = preSolution
		Ad-Hoc|Any CPU = Ad-Hoc|Any CPU
		Ad-Hoc|ARM = Ad-Hoc|ARM
		Ad-Hoc|iPhone = Ad-Hoc|iPhone
		Ad-Hoc|iPhoneSimulator = Ad-Hoc|iPhoneSimulator
		Ad-Hoc|x64 = Ad-Hoc|x64
		Ad-Hoc|x86 = Ad-Hoc|x86
		AppStore|Any CPU = AppStore|Any CPU
		AppStore|ARM = AppStore|ARM
		AppStore|iPhone = AppStore|iPhone
		AppStore|iPhoneSimulator = AppStore|iPhoneSimulator
		AppStore|x64 = AppStore|x64
		AppStore|x86 = AppStore|x86
		Debug|Any CPU = Debug|Any CPU
		Debug|ARM = Debug|ARM
		Debug|iPhone = Debug|iPhone
		Debug|iPhoneSimulator = Debug|iPhoneSimulator
		Debug|x64 = Debug|x64
		Debug|x86 = Debug|x86
		Release|Any CPU = Release|Any CPU
		Release|ARM = Release|ARM
		Release|iPhone = Release|iPhone
		Release|iPhoneSimulator = Release|iPhoneSimulator
		Release|x64 = Release|x64
		Release|x86 = Release|x86
	EndGlobalSection
	GlobalSection(ProjectConfigurationPlatforms) = postSolution
		{E8F5E785-2572-41E9-B0BA-35B4A5BF71BF}.Ad-Hoc|Any CPU.ActiveCfg = Release|Any CPU
		{E8F5E785-2572-41E9-B0BA-35B4A5BF71BF}.Ad-Hoc|Any CPU.Build.0 = Release|Any CPU
		{E8F5E785-2572-41E9-B0BA-35B4A5BF71BF}.Ad-Hoc|Any CPU.Deploy.0 = Release|Any CPU
		{E8F5E785-2572-41E9-B0BA-35B4A5BF71BF}.Ad-Hoc|ARM.ActiveCfg = Release|Any CPU
		{E8F5E785-2572-41E9-B0BA-35B4A5BF71BF}.Ad-Hoc|ARM.Build.0 = Release|Any CPU
		{E8F5E785-2572-41E9-B0BA-35B4A5BF71BF}.Ad-Hoc|ARM.Deploy.0 = Release|Any CPU
		{E8F5E785-2572-41E9-B0BA-35B4A5BF71BF}.Ad-Hoc|iPhone.ActiveCfg = Release|Any CPU
		{E8F5E785-2572-41E9-B0BA-35B4A5BF71BF}.Ad-Hoc|iPhone.Build.0 = Release|Any CPU
		{E8F5E785-2572-41E9-B0BA-35B4A5BF71BF}.Ad-Hoc|iPhone.Deploy.0 = Release|Any CPU
		{E8F5E785-2572-41E9-B0BA-35B4A5BF71BF}.Ad-Hoc|iPhoneSimulator.ActiveCfg = Release|Any CPU
		{E8F5E785-2572-41E9-B0BA-35B4A5BF71BF}.Ad-Hoc|iPhoneSimulator.Build.0 = Release|Any CPU
		{E8F5E785-2572-41E9-B0BA-35B4A5BF71BF}.Ad-Hoc|iPhoneSimulator.Deploy.0 = Release|Any CPU
		{E8F5E785-2572-41E9-B0BA-35B4A5BF71BF}.Ad-Hoc|x64.ActiveCfg = Release|Any CPU
		{E8F5E785-2572-41E9-B0BA-35B4A5BF71BF}.Ad-Hoc|x64.Build.0 = Release|Any CPU
		{E8F5E785-2572-41E9-B0BA-35B4A5BF71BF}.Ad-Hoc|x64.Deploy.0 = Release|Any CPU
		{E8F5E785-2572-41E9-B0BA-35B4A5BF71BF}.Ad-Hoc|x86.ActiveCfg = Release|Any CPU
		{E8F5E785-2572-41E9-B0BA-35B4A5BF71BF}.Ad-Hoc|x86.Build.0 = Release|Any CPU
		{E8F5E785-2572-41E9-B0BA-35B4A5BF71BF}.Ad-Hoc|x86.Deploy.0 = Release|Any CPU
		{E8F5E785-2572-41E9-B0BA-35B4A5BF71BF}.AppStore|Any CPU.ActiveCfg = Release|Any CPU
		{E8F5E785-2572-41E9-B0BA-35B4A5BF71BF}.AppStore|Any CPU.Build.0 = Release|Any CPU
		{E8F5E785-2572-41E9-B0BA-35B4A5BF71BF}.AppStore|Any CPU.Deploy.0 = Release|Any CPU
		{E8F5E785-2572-41E9-B0BA-35B4A5BF71BF}.AppStore|ARM.ActiveCfg = Release|Any CPU
		{E8F5E785-2572-41E9-B0BA-35B4A5BF71BF}.AppStore|ARM.Build.0 = Release|Any CPU
		{E8F5E785-2572-41E9-B0BA-35B4A5BF71BF}.AppStore|ARM.Deploy.0 = Release|Any CPU
		{E8F5E785-2572-41E9-B0BA-35B4A5BF71BF}.AppStore|iPhone.ActiveCfg = Release|Any CPU
		{E8F5E785-2572-41E9-B0BA-35B4A5BF71BF}.AppStore|iPhone.Build.0 = Release|Any CPU
		{E8F5E785-2572-41E9-B0BA-35B4A5BF71BF}.AppStore|iPhone.Deploy.0 = Release|Any CPU
		{E8F5E785-2572-41E9-B0BA-35B4A5BF71BF}.AppStore|iPhoneSimulator.ActiveCfg = Release|Any CPU
		{E8F5E785-2572-41E9-B0BA-35B4A5BF71BF}.AppStore|iPhoneSimulator.Build.0 = Release|Any CPU
		{E8F5E785-2572-41E9-B0BA-35B4A5BF71BF}.AppStore|iPhoneSimulator.Deploy.0 = Release|Any CPU
		{E8F5E785-2572-41E9-B0BA-35B4A5BF71BF}.AppStore|x64.ActiveCfg = Release|Any CPU
		{E8F5E785-2572-41E9-B0BA-35B4A5BF71BF}.AppStore|x64.Build.0 = Release|Any CPU
		{E8F5E785-2572-41E9-B0BA-35B4A5BF71BF}.AppStore|x64.Deploy.0 = Release|Any CPU
		{E8F5E785-2572-41E9-B0BA-35B4A5BF71BF}.AppStore|x86.ActiveCfg = Release|Any CPU
		{E8F5E785-2572-41E9-B0BA-35B4A5BF71BF}.AppStore|x86.Build.0 = Release|Any CPU
		{E8F5E785-2572-41E9-B0BA-35B4A5BF71BF}.AppStore|x86.Deploy.0 = Release|Any CPU
		{E8F5E785-2572-41E9-B0BA-35B4A5BF71BF}.Debug|Any CPU.ActiveCfg = Debug|Any CPU
		{E8F5E785-2572-41E9-B0BA-35B4A5BF71BF}.Debug|Any CPU.Build.0 = Debug|Any CPU
		{E8F5E785-2572-41E9-B0BA-35B4A5BF71BF}.Debug|Any CPU.Deploy.0 = Debug|Any CPU
		{E8F5E785-2572-41E9-B0BA-35B4A5BF71BF}.Debug|ARM.ActiveCfg = Debug|Any CPU
		{E8F5E785-2572-41E9-B0BA-35B4A5BF71BF}.Debug|ARM.Build.0 = Debug|Any CPU
		{E8F5E785-2572-41E9-B0BA-35B4A5BF71BF}.Debug|ARM.Deploy.0 = Debug|Any CPU
		{E8F5E785-2572-41E9-B0BA-35B4A5BF71BF}.Debug|iPhone.ActiveCfg = Debug|Any CPU
		{E8F5E785-2572-41E9-B0BA-35B4A5BF71BF}.Debug|iPhone.Build.0 = Debug|Any CPU
		{E8F5E785-2572-41E9-B0BA-35B4A5BF71BF}.Debug|iPhone.Deploy.0 = Debug|Any CPU
		{E8F5E785-2572-41E9-B0BA-35B4A5BF71BF}.Debug|iPhoneSimulator.ActiveCfg = Debug|Any CPU
		{E8F5E785-2572-41E9-B0BA-35B4A5BF71BF}.Debug|iPhoneSimulator.Build.0 = Debug|Any CPU
		{E8F5E785-2572-41E9-B0BA-35B4A5BF71BF}.Debug|iPhoneSimulator.Deploy.0 = Debug|Any CPU
		{E8F5E785-2572-41E9-B0BA-35B4A5BF71BF}.Debug|x64.ActiveCfg = Debug|Any CPU
		{E8F5E785-2572-41E9-B0BA-35B4A5BF71BF}.Debug|x64.Build.0 = Debug|Any CPU
		{E8F5E785-2572-41E9-B0BA-35B4A5BF71BF}.Debug|x64.Deploy.0 = Debug|Any CPU
		{E8F5E785-2572-41E9-B0BA-35B4A5BF71BF}.Debug|x86.ActiveCfg = Debug|Any CPU
		{E8F5E785-2572-41E9-B0BA-35B4A5BF71BF}.Debug|x86.Build.0 = Debug|Any CPU
		{E8F5E785-2572-41E9-B0BA-35B4A5BF71BF}.Debug|x86.Deploy.0 = Debug|Any CPU
		{E8F5E785-2572-41E9-B0BA-35B4A5BF71BF}.Release|Any CPU.ActiveCfg = Release|Any CPU
		{E8F5E785-2572-41E9-B0BA-35B4A5BF71BF}.Release|Any CPU.Build.0 = Release|Any CPU
		{E8F5E785-2572-41E9-B0BA-35B4A5BF71BF}.Release|Any CPU.Deploy.0 = Release|Any CPU
		{E8F5E785-2572-41E9-B0BA-35B4A5BF71BF}.Release|ARM.ActiveCfg = Release|Any CPU
		{E8F5E785-2572-41E9-B0BA-35B4A5BF71BF}.Release|ARM.Build.0 = Release|Any CPU
		{E8F5E785-2572-41E9-B0BA-35B4A5BF71BF}.Release|ARM.Deploy.0 = Release|Any CPU
		{E8F5E785-2572-41E9-B0BA-35B4A5BF71BF}.Release|iPhone.ActiveCfg = Release|Any CPU
		{E8F5E785-2572-41E9-B0BA-35B4A5BF71BF}.Release|iPhone.Build.0 = Release|Any CPU
		{E8F5E785-2572-41E9-B0BA-35B4A5BF71BF}.Release|iPhone.Deploy.0 = Release|Any CPU
		{E8F5E785-2572-41E9-B0BA-35B4A5BF71BF}.Release|iPhoneSimulator.ActiveCfg = Release|Any CPU
		{E8F5E785-2572-41E9-B0BA-35B4A5BF71BF}.Release|iPhoneSimulator.Build.0 = Release|Any CPU
		{E8F5E785-2572-41E9-B0BA-35B4A5BF71BF}.Release|iPhoneSimulator.Deploy.0 = Release|Any CPU
		{E8F5E785-2572-41E9-B0BA-35B4A5BF71BF}.Release|x64.ActiveCfg = Release|Any CPU
		{E8F5E785-2572-41E9-B0BA-35B4A5BF71BF}.Release|x64.Build.0 = Release|Any CPU
		{E8F5E785-2572-41E9-B0BA-35B4A5BF71BF}.Release|x64.Deploy.0 = Release|Any CPU
		{E8F5E785-2572-41E9-B0BA-35B4A5BF71BF}.Release|x86.ActiveCfg = Release|Any CPU
		{E8F5E785-2572-41E9-B0BA-35B4A5BF71BF}.Release|x86.Build.0 = Release|Any CPU
		{E8F5E785-2572-41E9-B0BA-35B4A5BF71BF}.Release|x86.Deploy.0 = Release|Any CPU
		{D1AFFF7B-74FD-441C-9840-188CF0D4D1F0}.Ad-Hoc|Any CPU.ActiveCfg = Ad-Hoc|iPhone
		{D1AFFF7B-74FD-441C-9840-188CF0D4D1F0}.Ad-Hoc|ARM.ActiveCfg = Ad-Hoc|iPhone
		{D1AFFF7B-74FD-441C-9840-188CF0D4D1F0}.Ad-Hoc|iPhone.ActiveCfg = Ad-Hoc|iPhone
		{D1AFFF7B-74FD-441C-9840-188CF0D4D1F0}.Ad-Hoc|iPhone.Build.0 = Ad-Hoc|iPhone
		{D1AFFF7B-74FD-441C-9840-188CF0D4D1F0}.Ad-Hoc|iPhoneSimulator.ActiveCfg = Ad-Hoc|iPhoneSimulator
		{D1AFFF7B-74FD-441C-9840-188CF0D4D1F0}.Ad-Hoc|iPhoneSimulator.Build.0 = Ad-Hoc|iPhoneSimulator
		{D1AFFF7B-74FD-441C-9840-188CF0D4D1F0}.Ad-Hoc|x64.ActiveCfg = Ad-Hoc|iPhone
		{D1AFFF7B-74FD-441C-9840-188CF0D4D1F0}.Ad-Hoc|x86.ActiveCfg = Ad-Hoc|iPhone
		{D1AFFF7B-74FD-441C-9840-188CF0D4D1F0}.AppStore|Any CPU.ActiveCfg = AppStore|iPhone
		{D1AFFF7B-74FD-441C-9840-188CF0D4D1F0}.AppStore|ARM.ActiveCfg = AppStore|iPhone
		{D1AFFF7B-74FD-441C-9840-188CF0D4D1F0}.AppStore|iPhone.ActiveCfg = AppStore|iPhone
		{D1AFFF7B-74FD-441C-9840-188CF0D4D1F0}.AppStore|iPhone.Build.0 = AppStore|iPhone
		{D1AFFF7B-74FD-441C-9840-188CF0D4D1F0}.AppStore|iPhoneSimulator.ActiveCfg = AppStore|iPhoneSimulator
		{D1AFFF7B-74FD-441C-9840-188CF0D4D1F0}.AppStore|iPhoneSimulator.Build.0 = AppStore|iPhoneSimulator
		{D1AFFF7B-74FD-441C-9840-188CF0D4D1F0}.AppStore|x64.ActiveCfg = AppStore|iPhone
		{D1AFFF7B-74FD-441C-9840-188CF0D4D1F0}.AppStore|x86.ActiveCfg = AppStore|iPhone
		{D1AFFF7B-74FD-441C-9840-188CF0D4D1F0}.Debug|Any CPU.ActiveCfg = Debug|iPhone
		{D1AFFF7B-74FD-441C-9840-188CF0D4D1F0}.Debug|ARM.ActiveCfg = Debug|iPhone
		{D1AFFF7B-74FD-441C-9840-188CF0D4D1F0}.Debug|iPhone.ActiveCfg = Debug|iPhone
		{D1AFFF7B-74FD-441C-9840-188CF0D4D1F0}.Debug|iPhone.Build.0 = Debug|iPhone
		{D1AFFF7B-74FD-441C-9840-188CF0D4D1F0}.Debug|iPhoneSimulator.ActiveCfg = Debug|iPhoneSimulator
		{D1AFFF7B-74FD-441C-9840-188CF0D4D1F0}.Debug|iPhoneSimulator.Build.0 = Debug|iPhoneSimulator
		{D1AFFF7B-74FD-441C-9840-188CF0D4D1F0}.Debug|x64.ActiveCfg = Debug|iPhone
		{D1AFFF7B-74FD-441C-9840-188CF0D4D1F0}.Debug|x86.ActiveCfg = Debug|iPhone
		{D1AFFF7B-74FD-441C-9840-188CF0D4D1F0}.Release|Any CPU.ActiveCfg = Release|iPhone
		{D1AFFF7B-74FD-441C-9840-188CF0D4D1F0}.Release|ARM.ActiveCfg = Release|iPhone
		{D1AFFF7B-74FD-441C-9840-188CF0D4D1F0}.Release|iPhone.ActiveCfg = Release|iPhone
		{D1AFFF7B-74FD-441C-9840-188CF0D4D1F0}.Release|iPhone.Build.0 = Release|iPhone
		{D1AFFF7B-74FD-441C-9840-188CF0D4D1F0}.Release|iPhoneSimulator.ActiveCfg = Release|iPhoneSimulator
		{D1AFFF7B-74FD-441C-9840-188CF0D4D1F0}.Release|iPhoneSimulator.Build.0 = Release|iPhoneSimulator
		{D1AFFF7B-74FD-441C-9840-188CF0D4D1F0}.Release|x64.ActiveCfg = Release|iPhone
		{D1AFFF7B-74FD-441C-9840-188CF0D4D1F0}.Release|x86.ActiveCfg = Release|iPhone
		{44EBF739-9A26-4363-B551-5F8BE8C1A196}.Ad-Hoc|Any CPU.ActiveCfg = Release|x86
		{44EBF739-9A26-4363-B551-5F8BE8C1A196}.Ad-Hoc|Any CPU.Build.0 = Release|x86
		{44EBF739-9A26-4363-B551-5F8BE8C1A196}.Ad-Hoc|Any CPU.Deploy.0 = Release|x86
		{44EBF739-9A26-4363-B551-5F8BE8C1A196}.Ad-Hoc|ARM.ActiveCfg = Release|ARM
		{44EBF739-9A26-4363-B551-5F8BE8C1A196}.Ad-Hoc|ARM.Build.0 = Release|ARM
		{44EBF739-9A26-4363-B551-5F8BE8C1A196}.Ad-Hoc|ARM.Deploy.0 = Release|ARM
		{44EBF739-9A26-4363-B551-5F8BE8C1A196}.Ad-Hoc|iPhone.ActiveCfg = Release|x86
		{44EBF739-9A26-4363-B551-5F8BE8C1A196}.Ad-Hoc|iPhone.Build.0 = Release|x86
		{44EBF739-9A26-4363-B551-5F8BE8C1A196}.Ad-Hoc|iPhone.Deploy.0 = Release|x86
		{44EBF739-9A26-4363-B551-5F8BE8C1A196}.Ad-Hoc|iPhoneSimulator.ActiveCfg = Release|x86
		{44EBF739-9A26-4363-B551-5F8BE8C1A196}.Ad-Hoc|iPhoneSimulator.Build.0 = Release|x86
		{44EBF739-9A26-4363-B551-5F8BE8C1A196}.Ad-Hoc|iPhoneSimulator.Deploy.0 = Release|x86
		{44EBF739-9A26-4363-B551-5F8BE8C1A196}.Ad-Hoc|x64.ActiveCfg = Release|x64
		{44EBF739-9A26-4363-B551-5F8BE8C1A196}.Ad-Hoc|x64.Build.0 = Release|x64
		{44EBF739-9A26-4363-B551-5F8BE8C1A196}.Ad-Hoc|x64.Deploy.0 = Release|x64
		{44EBF739-9A26-4363-B551-5F8BE8C1A196}.Ad-Hoc|x86.ActiveCfg = Release|x86
		{44EBF739-9A26-4363-B551-5F8BE8C1A196}.Ad-Hoc|x86.Build.0 = Release|x86
		{44EBF739-9A26-4363-B551-5F8BE8C1A196}.Ad-Hoc|x86.Deploy.0 = Release|x86
		{44EBF739-9A26-4363-B551-5F8BE8C1A196}.AppStore|Any CPU.ActiveCfg = Release|x86
		{44EBF739-9A26-4363-B551-5F8BE8C1A196}.AppStore|Any CPU.Build.0 = Release|x86
		{44EBF739-9A26-4363-B551-5F8BE8C1A196}.AppStore|Any CPU.Deploy.0 = Release|x86
		{44EBF739-9A26-4363-B551-5F8BE8C1A196}.AppStore|ARM.ActiveCfg = Release|ARM
		{44EBF739-9A26-4363-B551-5F8BE8C1A196}.AppStore|ARM.Build.0 = Release|ARM
		{44EBF739-9A26-4363-B551-5F8BE8C1A196}.AppStore|ARM.Deploy.0 = Release|ARM
		{44EBF739-9A26-4363-B551-5F8BE8C1A196}.AppStore|iPhone.ActiveCfg = Release|x86
		{44EBF739-9A26-4363-B551-5F8BE8C1A196}.AppStore|iPhone.Build.0 = Release|x86
		{44EBF739-9A26-4363-B551-5F8BE8C1A196}.AppStore|iPhone.Deploy.0 = Release|x86
		{44EBF739-9A26-4363-B551-5F8BE8C1A196}.AppStore|iPhoneSimulator.ActiveCfg = Release|x86
		{44EBF739-9A26-4363-B551-5F8BE8C1A196}.AppStore|iPhoneSimulator.Build.0 = Release|x86
		{44EBF739-9A26-4363-B551-5F8BE8C1A196}.AppStore|iPhoneSimulator.Deploy.0 = Release|x86
		{44EBF739-9A26-4363-B551-5F8BE8C1A196}.AppStore|x64.ActiveCfg = Release|x64
		{44EBF739-9A26-4363-B551-5F8BE8C1A196}.AppStore|x64.Build.0 = Release|x64
		{44EBF739-9A26-4363-B551-5F8BE8C1A196}.AppStore|x64.Deploy.0 = Release|x64
		{44EBF739-9A26-4363-B551-5F8BE8C1A196}.AppStore|x86.ActiveCfg = Release|x86
		{44EBF739-9A26-4363-B551-5F8BE8C1A196}.AppStore|x86.Build.0 = Release|x86
		{44EBF739-9A26-4363-B551-5F8BE8C1A196}.AppStore|x86.Deploy.0 = Release|x86
		{44EBF739-9A26-4363-B551-5F8BE8C1A196}.Debug|Any CPU.ActiveCfg = Debug|x86
		{44EBF739-9A26-4363-B551-5F8BE8C1A196}.Debug|ARM.ActiveCfg = Debug|ARM
		{44EBF739-9A26-4363-B551-5F8BE8C1A196}.Debug|ARM.Build.0 = Debug|ARM
		{44EBF739-9A26-4363-B551-5F8BE8C1A196}.Debug|ARM.Deploy.0 = Debug|ARM
		{44EBF739-9A26-4363-B551-5F8BE8C1A196}.Debug|iPhone.ActiveCfg = Debug|x86
		{44EBF739-9A26-4363-B551-5F8BE8C1A196}.Debug|iPhoneSimulator.ActiveCfg = Debug|x86
		{44EBF739-9A26-4363-B551-5F8BE8C1A196}.Debug|x64.ActiveCfg = Debug|x64
		{44EBF739-9A26-4363-B551-5F8BE8C1A196}.Debug|x64.Build.0 = Debug|x64
		{44EBF739-9A26-4363-B551-5F8BE8C1A196}.Debug|x64.Deploy.0 = Debug|x64
		{44EBF739-9A26-4363-B551-5F8BE8C1A196}.Debug|x86.ActiveCfg = Debug|x86
		{44EBF739-9A26-4363-B551-5F8BE8C1A196}.Debug|x86.Build.0 = Debug|x86
		{44EBF739-9A26-4363-B551-5F8BE8C1A196}.Debug|x86.Deploy.0 = Debug|x86
		{44EBF739-9A26-4363-B551-5F8BE8C1A196}.Release|Any CPU.ActiveCfg = Release|x86
		{44EBF739-9A26-4363-B551-5F8BE8C1A196}.Release|ARM.ActiveCfg = Release|ARM
		{44EBF739-9A26-4363-B551-5F8BE8C1A196}.Release|ARM.Build.0 = Release|ARM
		{44EBF739-9A26-4363-B551-5F8BE8C1A196}.Release|ARM.Deploy.0 = Release|ARM
		{44EBF739-9A26-4363-B551-5F8BE8C1A196}.Release|iPhone.ActiveCfg = Release|x86
		{44EBF739-9A26-4363-B551-5F8BE8C1A196}.Release|iPhoneSimulator.ActiveCfg = Release|x86
		{44EBF739-9A26-4363-B551-5F8BE8C1A196}.Release|x64.ActiveCfg = Release|x64
		{44EBF739-9A26-4363-B551-5F8BE8C1A196}.Release|x64.Build.0 = Release|x64
		{44EBF739-9A26-4363-B551-5F8BE8C1A196}.Release|x64.Deploy.0 = Release|x64
		{44EBF739-9A26-4363-B551-5F8BE8C1A196}.Release|x86.ActiveCfg = Release|x86
		{44EBF739-9A26-4363-B551-5F8BE8C1A196}.Release|x86.Build.0 = Release|x86
		{44EBF739-9A26-4363-B551-5F8BE8C1A196}.Release|x86.Deploy.0 = Release|x86
		{32CFD654-58F2-4573-A9D2-A6D38525C63E}.Ad-Hoc|Any CPU.ActiveCfg = Debug|Any CPU
		{32CFD654-58F2-4573-A9D2-A6D38525C63E}.Ad-Hoc|Any CPU.Build.0 = Debug|Any CPU
		{32CFD654-58F2-4573-A9D2-A6D38525C63E}.Ad-Hoc|ARM.ActiveCfg = Debug|Any CPU
		{32CFD654-58F2-4573-A9D2-A6D38525C63E}.Ad-Hoc|ARM.Build.0 = Debug|Any CPU
		{32CFD654-58F2-4573-A9D2-A6D38525C63E}.Ad-Hoc|iPhone.ActiveCfg = Debug|Any CPU
		{32CFD654-58F2-4573-A9D2-A6D38525C63E}.Ad-Hoc|iPhone.Build.0 = Debug|Any CPU
		{32CFD654-58F2-4573-A9D2-A6D38525C63E}.Ad-Hoc|iPhoneSimulator.ActiveCfg = Debug|Any CPU
		{32CFD654-58F2-4573-A9D2-A6D38525C63E}.Ad-Hoc|iPhoneSimulator.Build.0 = Debug|Any CPU
		{32CFD654-58F2-4573-A9D2-A6D38525C63E}.Ad-Hoc|x64.ActiveCfg = Debug|Any CPU
		{32CFD654-58F2-4573-A9D2-A6D38525C63E}.Ad-Hoc|x64.Build.0 = Debug|Any CPU
		{32CFD654-58F2-4573-A9D2-A6D38525C63E}.Ad-Hoc|x86.ActiveCfg = Debug|Any CPU
		{32CFD654-58F2-4573-A9D2-A6D38525C63E}.Ad-Hoc|x86.Build.0 = Debug|Any CPU
		{32CFD654-58F2-4573-A9D2-A6D38525C63E}.AppStore|Any CPU.ActiveCfg = Debug|Any CPU
		{32CFD654-58F2-4573-A9D2-A6D38525C63E}.AppStore|Any CPU.Build.0 = Debug|Any CPU
		{32CFD654-58F2-4573-A9D2-A6D38525C63E}.AppStore|ARM.ActiveCfg = Debug|Any CPU
		{32CFD654-58F2-4573-A9D2-A6D38525C63E}.AppStore|ARM.Build.0 = Debug|Any CPU
		{32CFD654-58F2-4573-A9D2-A6D38525C63E}.AppStore|iPhone.ActiveCfg = Debug|Any CPU
		{32CFD654-58F2-4573-A9D2-A6D38525C63E}.AppStore|iPhone.Build.0 = Debug|Any CPU
		{32CFD654-58F2-4573-A9D2-A6D38525C63E}.AppStore|iPhoneSimulator.ActiveCfg = Debug|Any CPU
		{32CFD654-58F2-4573-A9D2-A6D38525C63E}.AppStore|iPhoneSimulator.Build.0 = Debug|Any CPU
		{32CFD654-58F2-4573-A9D2-A6D38525C63E}.AppStore|x64.ActiveCfg = Debug|Any CPU
		{32CFD654-58F2-4573-A9D2-A6D38525C63E}.AppStore|x64.Build.0 = Debug|Any CPU
		{32CFD654-58F2-4573-A9D2-A6D38525C63E}.AppStore|x86.ActiveCfg = Debug|Any CPU
		{32CFD654-58F2-4573-A9D2-A6D38525C63E}.AppStore|x86.Build.0 = Debug|Any CPU
		{32CFD654-58F2-4573-A9D2-A6D38525C63E}.Debug|Any CPU.ActiveCfg = Debug|Any CPU
		{32CFD654-58F2-4573-A9D2-A6D38525C63E}.Debug|Any CPU.Build.0 = Debug|Any CPU
		{32CFD654-58F2-4573-A9D2-A6D38525C63E}.Debug|ARM.ActiveCfg = Debug|Any CPU
		{32CFD654-58F2-4573-A9D2-A6D38525C63E}.Debug|ARM.Build.0 = Debug|Any CPU
		{32CFD654-58F2-4573-A9D2-A6D38525C63E}.Debug|iPhone.ActiveCfg = Debug|Any CPU
		{32CFD654-58F2-4573-A9D2-A6D38525C63E}.Debug|iPhone.Build.0 = Debug|Any CPU
		{32CFD654-58F2-4573-A9D2-A6D38525C63E}.Debug|iPhoneSimulator.ActiveCfg = Debug|Any CPU
		{32CFD654-58F2-4573-A9D2-A6D38525C63E}.Debug|iPhoneSimulator.Build.0 = Debug|Any CPU
		{32CFD654-58F2-4573-A9D2-A6D38525C63E}.Debug|x64.ActiveCfg = Debug|Any CPU
		{32CFD654-58F2-4573-A9D2-A6D38525C63E}.Debug|x64.Build.0 = Debug|Any CPU
		{32CFD654-58F2-4573-A9D2-A6D38525C63E}.Debug|x86.ActiveCfg = Debug|Any CPU
		{32CFD654-58F2-4573-A9D2-A6D38525C63E}.Debug|x86.Build.0 = Debug|Any CPU
		{32CFD654-58F2-4573-A9D2-A6D38525C63E}.Release|Any CPU.ActiveCfg = Release|Any CPU
		{32CFD654-58F2-4573-A9D2-A6D38525C63E}.Release|Any CPU.Build.0 = Release|Any CPU
		{32CFD654-58F2-4573-A9D2-A6D38525C63E}.Release|ARM.ActiveCfg = Release|Any CPU
		{32CFD654-58F2-4573-A9D2-A6D38525C63E}.Release|ARM.Build.0 = Release|Any CPU
		{32CFD654-58F2-4573-A9D2-A6D38525C63E}.Release|iPhone.ActiveCfg = Release|Any CPU
		{32CFD654-58F2-4573-A9D2-A6D38525C63E}.Release|iPhone.Build.0 = Release|Any CPU
		{32CFD654-58F2-4573-A9D2-A6D38525C63E}.Release|iPhoneSimulator.ActiveCfg = Release|Any CPU
		{32CFD654-58F2-4573-A9D2-A6D38525C63E}.Release|iPhoneSimulator.Build.0 = Release|Any CPU
		{32CFD654-58F2-4573-A9D2-A6D38525C63E}.Release|x64.ActiveCfg = Release|Any CPU
		{32CFD654-58F2-4573-A9D2-A6D38525C63E}.Release|x64.Build.0 = Release|Any CPU
		{32CFD654-58F2-4573-A9D2-A6D38525C63E}.Release|x86.ActiveCfg = Release|Any CPU
		{32CFD654-58F2-4573-A9D2-A6D38525C63E}.Release|x86.Build.0 = Release|Any CPU
	EndGlobalSection
	GlobalSection(SolutionProperties) = preSolution
		HideSolutionNode = FALSE
	EndGlobalSection
	GlobalSection(ExtensibilityGlobals) = postSolution
		SolutionGuid = {D4140AD2-2F06-4059-97AD-9C9D0119808F}
	EndGlobalSection
EndGlobal
